
Microsoft Visual Studio Solution File, Format Version 12.00
# Visual Studio 15
VisualStudioVersion = 15.0.28010.2016
MinimumVisualStudioVersion = 10.0.40219.1
Project("{9A19103F-16F7-4668-BE54-9A1E7A4F7556}") = "LiveChat.Data", "LiveChat.Data\LiveChat.Data.csproj", "{DD638E9A-86EA-4742-B6F9-6635A24FEFA9}"
EndProject
Project("{9A19103F-16F7-4668-BE54-9A1E7A4F7556}") = "LiveChat.API", "LiveChat.API\LiveChat.API.csproj", "{3823433B-A6E2-4136-ABA3-9139941FD6A4}"
EndProject
Project("{FAE04EC0-301F-11D3-BF4B-00C04F79EFBC}") = "LiveChat.Services", "LiveChat.Services\LiveChat.Services.csproj", "{A94F16D1-8666-4B4E-B7C0-E0A9ACE39F48}"
EndProject
Project("{FAE04EC0-301F-11D3-BF4B-00C04F79EFBC}") = "LiveChat.Infrastructure", "LiveChat.Infrastructure\LiveChat.Infrastructure.csproj", "{D9C51C6C-7261-4481-80F4-5BA15179F328}"
EndProject
Global
	GlobalSection(SolutionConfigurationPlatforms) = preSolution
		Debug|Any CPU = Debug|Any CPU
		Release|Any CPU = Release|Any CPU
	EndGlobalSection
	GlobalSection(ProjectConfigurationPlatforms) = postSolution
		{DD638E9A-86EA-4742-B6F9-6635A24FEFA9}.Debug|Any CPU.ActiveCfg = Debug|Any CPU
		{DD638E9A-86EA-4742-B6F9-6635A24FEFA9}.Debug|Any CPU.Build.0 = Debug|Any CPU
		{DD638E9A-86EA-4742-B6F9-6635A24FEFA9}.Release|Any CPU.ActiveCfg = Release|Any CPU
		{DD638E9A-86EA-4742-B6F9-6635A24FEFA9}.Release|Any CPU.Build.0 = Release|Any CPU
		{3823433B-A6E2-4136-ABA3-9139941FD6A4}.Debug|Any CPU.ActiveCfg = Debug|Any CPU
		{3823433B-A6E2-4136-ABA3-9139941FD6A4}.Debug|Any CPU.Build.0 = Debug|Any CPU
		{3823433B-A6E2-4136-ABA3-9139941FD6A4}.Release|Any CPU.ActiveCfg = Release|Any CPU
		{3823433B-A6E2-4136-ABA3-9139941FD6A4}.Release|Any CPU.Build.0 = Release|Any CPU
		{A94F16D1-8666-4B4E-B7C0-E0A9ACE39F48}.Debug|Any CPU.ActiveCfg = Debug|Any CPU
		{A94F16D1-8666-4B4E-B7C0-E0A9ACE39F48}.Debug|Any CPU.Build.0 = Debug|Any CPU
		{A94F16D1-8666-4B4E-B7C0-E0A9ACE39F48}.Release|Any CPU.ActiveCfg = Release|Any CPU
		{A94F16D1-8666-4B4E-B7C0-E0A9ACE39F48}.Release|Any CPU.Build.0 = Release|Any CPU
		{D9C51C6C-7261-4481-80F4-5BA15179F328}.Debug|Any CPU.ActiveCfg = Debug|Any CPU
		{D9C51C6C-7261-4481-80F4-5BA15179F328}.Debug|Any CPU.Build.0 = Debug|Any CPU
		{D9C51C6C-7261-4481-80F4-5BA15179F328}.Release|Any CPU.ActiveCfg = Release|Any CPU
		{D9C51C6C-7261-4481-80F4-5BA15179F328}.Release|Any CPU.Build.0 = Release|Any CPU
	EndGlobalSection
	GlobalSection(SolutionProperties) = preSolution
		HideSolutionNode = FALSE
	EndGlobalSection
	GlobalSection(ExtensibilityGlobals) = postSolution
		SolutionGuid = {00F29C48-2D45-444D-8F8B-8ED7E0D965AE}
	EndGlobalSection
EndGlobal
